// !$*UTF8*$!
{
	archiveVersion = 1;
	classes = {
	};
	objectVersion = 56;
	objects = {

/* Begin PBXBuildFile section */
		58D2A36D2E935FBE00E23597 /* SimutaneousCurcorsApp.swift in Sources */ = {isa = PBXBuildFile; fileRef = 58D2A36B2E935FBE00E23597 /* SimutaneousCurcorsApp.swift */; };
		58D2A36F2E935FCB00E23597 /* ContentView.swift in Sources */ = {isa = PBXBuildFile; fileRef = 58D2A36E2E935FCA00E23597 /* ContentView.swift */; };
		58D2A3712E93600C00E23597 /* ContentViewModel.swift in Sources */ = {isa = PBXBuildFile; fileRef = 58D2A3702E93600A00E23597 /* ContentViewModel.swift */; };
		58D2A3732E93650300E23597 /* Yorkie in Frameworks */ = {isa = PBXBuildFile; productRef = 58D2A3722E93650300E23597 /* Yorkie */; };
		58D2A3752E93A2CD00E23597 /* UIWindow+Ex.swift in Sources */ = {isa = PBXBuildFile; fileRef = 58D2A3742E93A2C700E23597 /* UIWindow+Ex.swift */; };
		58D2A3772E93A2E400E23597 /* PresenceModel.swift in Sources */ = {isa = PBXBuildFile; fileRef = 58D2A3762E93A2E300E23597 /* PresenceModel.swift */; };
		58D2A3792E93A2FC00E23597 /* Constant.swift in Sources */ = {isa = PBXBuildFile; fileRef = 58D2A3782E93A2FB00E23597 /* Constant.swift */; };
/* End PBXBuildFile section */

/* Begin PBXFileReference section */
		58D2A3392E935F9D00E23597 /* SimutaneousCursors.app */ = {isa = PBXFileReference; explicitFileType = wrapper.application; includeInIndex = 0; path = SimutaneousCursors.app; sourceTree = BUILT_PRODUCTS_DIR; };
		58D2A36B2E935FBE00E23597 /* SimutaneousCurcorsApp.swift */ = {isa = PBXFileReference; lastKnownFileType = sourcecode.swift; path = SimutaneousCurcorsApp.swift; sourceTree = "<group>"; };
		58D2A36E2E935FCA00E23597 /* ContentView.swift */ = {isa = PBXFileReference; lastKnownFileType = sourcecode.swift; path = ContentView.swift; sourceTree = "<group>"; };
		58D2A3702E93600A00E23597 /* ContentViewModel.swift */ = {isa = PBXFileReference; lastKnownFileType = sourcecode.swift; path = ContentViewModel.swift; sourceTree = "<group>"; };
		58D2A3742E93A2C700E23597 /* UIWindow+Ex.swift */ = {isa = PBXFileReference; lastKnownFileType = sourcecode.swift; path = "UIWindow+Ex.swift"; sourceTree = "<group>"; };
		58D2A3762E93A2E300E23597 /* PresenceModel.swift */ = {isa = PBXFileReference; lastKnownFileType = sourcecode.swift; path = PresenceModel.swift; sourceTree = "<group>"; };
		58D2A3782E93A2FB00E23597 /* Constant.swift */ = {isa = PBXFileReference; lastKnownFileType = sourcecode.swift; path = Constant.swift; sourceTree = "<group>"; };
		9AC7CB94298CFEA60040D504 /* yorkie-ios-sdk */ = {isa = PBXFileReference; lastKnownFileType = wrapper; name = "yorkie-ios-sdk"; path = ../..; sourceTree = "<group>"; };
/* End PBXFileReference section */

/* Begin PBXFrameworksBuildPhase section */
		58D2A3362E935F9D00E23597 /* Frameworks */ = {
			isa = PBXFrameworksBuildPhase;
			buildActionMask = 2147483647;
			files = (
				58D2A3732E93650300E23597 /* Yorkie in Frameworks */,
			);
			runOnlyForDeploymentPostprocessing = 0;
		};
/* End PBXFrameworksBuildPhase section */

/* Begin PBXGroup section */
		58D2A36C2E935FBE00E23597 /* SimutaneousCursors */ = {
			isa = PBXGroup;
			children = (
				58D2A3782E93A2FB00E23597 /* Constant.swift */,
				58D2A3762E93A2E300E23597 /* PresenceModel.swift */,
				58D2A3742E93A2C700E23597 /* UIWindow+Ex.swift */,
				58D2A3702E93600A00E23597 /* ContentViewModel.swift */,
				58D2A36E2E935FCA00E23597 /* ContentView.swift */,
				58D2A36B2E935FBE00E23597 /* SimutaneousCurcorsApp.swift */,
			);
			path = SimutaneousCursors;
			sourceTree = "<group>";
		};
		9AC7CB93298CFEA60040D504 /* Packages */ = {
			isa = PBXGroup;
			children = (
				9AC7CB94298CFEA60040D504 /* yorkie-ios-sdk */,
			);
			name = Packages;
			sourceTree = "<group>";
		};
		9AC7CB95298CFEC90040D504 /* Frameworks */ = {
			isa = PBXGroup;
			children = (
			);
			name = Frameworks;
			sourceTree = "<group>";
		};
		9AEA80DF297134A1000672FC = {
			isa = PBXGroup;
			children = (
				9AC7CB93298CFEA60040D504 /* Packages */,
				58D2A36C2E935FBE00E23597 /* SimutaneousCursors */,
				9AEA80E9297134A1000672FC /* Products */,
				9AC7CB95298CFEC90040D504 /* Frameworks */,
			);
			sourceTree = "<group>";
		};
		9AEA80E9297134A1000672FC /* Products */ = {
			isa = PBXGroup;
			children = (
				58D2A3392E935F9D00E23597 /* SimutaneousCursors.app */,
			);
			name = Products;
			sourceTree = "<group>";
		};
/* End PBXGroup section */

/* Begin PBXNativeTarget section */
		58D2A3382E935F9D00E23597 /* SimutaneousCursors */ = {
			isa = PBXNativeTarget;
			buildConfigurationList = 58D2A3572E935F9E00E23597 /* Build configuration list for PBXNativeTarget "SimutaneousCursors" */;
			buildPhases = (
				58D2A3352E935F9D00E23597 /* Sources */,
				58D2A3362E935F9D00E23597 /* Frameworks */,
				58D2A3372E935F9D00E23597 /* Resources */,
			);
			buildRules = (
			);
			dependencies = (
			);
			name = SimutaneousCursors;
			packageProductDependencies = (
				58D2A3722E93650300E23597 /* Yorkie */,
			);
			productName = SimutaneousCurcors;
			productReference = 58D2A3392E935F9D00E23597 /* SimutaneousCursors.app */;
			productType = "com.apple.product-type.application";
		};
/* End PBXNativeTarget section */

/* Begin PBXProject section */
		9AEA80E0297134A1000672FC /* Project object */ = {
			isa = PBXProject;
			attributes = {
				BuildIndependentTargetsInParallel = 1;
				LastSwiftUpdateCheck = 2600;
				LastUpgradeCheck = 1420;
				TargetAttributes = {
					58D2A3382E935F9D00E23597 = {
						CreatedOnToolsVersion = 26.0.1;
					};
				};
			};
			buildConfigurationList = 9AEA80E3297134A1000672FC /* Build configuration list for PBXProject "SimutaneousCursors" */;
			compatibilityVersion = "Xcode 14.0";
			developmentRegion = en;
			hasScannedForEncodings = 0;
			knownRegions = (
				en,
				Base,
			);
			mainGroup = 9AEA80DF297134A1000672FC;
			packageReferences = (
			);
			productRefGroup = 9AEA80E9297134A1000672FC /* Products */;
			projectDirPath = "";
			projectRoot = "";
			targets = (
				58D2A3382E935F9D00E23597 /* SimutaneousCursors */,
			);
		};
/* End PBXProject section */

/* Begin PBXResourcesBuildPhase section */
		58D2A3372E935F9D00E23597 /* Resources */ = {
			isa = PBXResourcesBuildPhase;
			buildActionMask = 2147483647;
			files = (
			);
			runOnlyForDeploymentPostprocessing = 0;
		};
/* End PBXResourcesBuildPhase section */

/* Begin PBXSourcesBuildPhase section */
		58D2A3352E935F9D00E23597 /* Sources */ = {
			isa = PBXSourcesBuildPhase;
			buildActionMask = 2147483647;
			files = (
				58D2A36F2E935FCB00E23597 /* ContentView.swift in Sources */,
				58D2A36D2E935FBE00E23597 /* SimutaneousCurcorsApp.swift in Sources */,
				58D2A3752E93A2CD00E23597 /* UIWindow+Ex.swift in Sources */,
				58D2A3712E93600C00E23597 /* ContentViewModel.swift in Sources */,
				58D2A3772E93A2E400E23597 /* PresenceModel.swift in Sources */,
				58D2A3792E93A2FC00E23597 /* Constant.swift in Sources */,
			);
			runOnlyForDeploymentPostprocessing = 0;
		};
/* End PBXSourcesBuildPhase section */

/* Begin XCBuildConfiguration section */
		58D2A3582E935F9E00E23597 /* Debug */ = {
			isa = XCBuildConfiguration;
			buildSettings = {
				ASSETCATALOG_COMPILER_APPICON_NAME = AppIcon;
				ASSETCATALOG_COMPILER_GENERATE_SWIFT_ASSET_SYMBOL_EXTENSIONS = YES;
				ASSETCATALOG_COMPILER_GLOBAL_ACCENT_COLOR_NAME = AccentColor;
				CODE_SIGN_STYLE = Automatic;
				CURRENT_PROJECT_VERSION = 1;
				ENABLE_PREVIEWS = YES;
				ENABLE_USER_SCRIPT_SANDBOXING = YES;
				GCC_C_LANGUAGE_STANDARD = gnu17;
				GENERATE_INFOPLIST_FILE = YES;
				INFOPLIST_KEY_UIApplicationSceneManifest_Generation = YES;
				INFOPLIST_KEY_UIApplicationSupportsIndirectInputEvents = YES;
				INFOPLIST_KEY_UILaunchScreen_Generation = YES;
				INFOPLIST_KEY_UISupportedInterfaceOrientations = "UIInterfaceOrientationLandscapeLeft UIInterfaceOrientationLandscapeRight";
				IPHONEOS_DEPLOYMENT_TARGET = 26.0;
				LD_RUNPATH_SEARCH_PATHS = (
					"$(inherited)",
					"@executable_path/Frameworks",
				);
				LOCALIZATION_PREFERS_STRING_CATALOGS = YES;
				MARKETING_VERSION = 1.0;
				PRODUCT_BUNDLE_IDENTIFIER = com.PlaygroundApp.SimutaneousCurcors;
				PRODUCT_NAME = "$(TARGET_NAME)";
				STRING_CATALOG_GENERATE_SYMBOLS = YES;
				SWIFT_ACTIVE_COMPILATION_CONDITIONS = "DEBUG $(inherited)";
				SWIFT_APPROACHABLE_CONCURRENCY = YES;
				SWIFT_DEFAULT_ACTOR_ISOLATION = MainActor;
				SWIFT_EMIT_LOC_STRINGS = YES;
				SWIFT_UPCOMING_FEATURE_MEMBER_IMPORT_VISIBILITY = YES;
				SWIFT_VERSION = 5.0;
				TARGETED_DEVICE_FAMILY = "1,2";
			};
			name = Debug;
		};
		58D2A3592E935F9E00E23597 /* Release */ = {
			isa = XCBuildConfiguration;
			buildSettings = {
				ASSETCATALOG_COMPILER_APPICON_NAME = AppIcon;
				ASSETCATALOG_COMPILER_GENERATE_SWIFT_ASSET_SYMBOL_EXTENSIONS = YES;
				ASSETCATALOG_COMPILER_GLOBAL_ACCENT_COLOR_NAME = AccentColor;
				CODE_SIGN_STYLE = Automatic;
				CURRENT_PROJECT_VERSION = 1;
				ENABLE_PREVIEWS = YES;
				ENABLE_USER_SCRIPT_SANDBOXING = YES;
				GCC_C_LANGUAGE_STANDARD = gnu17;
				GENERATE_INFOPLIST_FILE = YES;
				INFOPLIST_KEY_UIApplicationSceneManifest_Generation = YES;
				INFOPLIST_KEY_UIApplicationSupportsIndirectInputEvents = YES;
				INFOPLIST_KEY_UILaunchScreen_Generation = YES;
				INFOPLIST_KEY_UISupportedInterfaceOrientations = "UIInterfaceOrientationLandscapeLeft UIInterfaceOrientationLandscapeRight";
				IPHONEOS_DEPLOYMENT_TARGET = 26.0;
				LD_RUNPATH_SEARCH_PATHS = (
					"$(inherited)",
					"@executable_path/Frameworks",
				);
				LOCALIZATION_PREFERS_STRING_CATALOGS = YES;
				MARKETING_VERSION = 1.0;
				PRODUCT_BUNDLE_IDENTIFIER = com.PlaygroundApp.SimutaneousCurcors;
				PRODUCT_NAME = "$(TARGET_NAME)";
				STRING_CATALOG_GENERATE_SYMBOLS = YES;
				SWIFT_APPROACHABLE_CONCURRENCY = YES;
				SWIFT_DEFAULT_ACTOR_ISOLATION = MainActor;
				SWIFT_EMIT_LOC_STRINGS = YES;
				SWIFT_UPCOMING_FEATURE_MEMBER_IMPORT_VISIBILITY = YES;
				SWIFT_VERSION = 5.0;
				TARGETED_DEVICE_FAMILY = "1,2";
			};
			name = Release;
		};
		9AEA80FA297134A2000672FC /* Debug */ = {
			isa = XCBuildConfiguration;
			buildSettings = {
				ALWAYS_SEARCH_USER_PATHS = NO;
				CLANG_ANALYZER_NONNULL = YES;
				CLANG_ANALYZER_NUMBER_OBJECT_CONVERSION = YES_AGGRESSIVE;
				CLANG_CXX_LANGUAGE_STANDARD = "gnu++20";
				CLANG_ENABLE_MODULES = YES;
				CLANG_ENABLE_OBJC_ARC = YES;
				CLANG_ENABLE_OBJC_WEAK = YES;
				CLANG_WARN_BLOCK_CAPTURE_AUTORELEASING = YES;
				CLANG_WARN_BOOL_CONVERSION = YES;
				CLANG_WARN_COMMA = YES;
				CLANG_WARN_CONSTANT_CONVERSION = YES;
				CLANG_WARN_DEPRECATED_OBJC_IMPLEMENTATIONS = YES;
				CLANG_WARN_DIRECT_OBJC_ISA_USAGE = YES_ERROR;
				CLANG_WARN_DOCUMENTATION_COMMENTS = YES;
				CLANG_WARN_EMPTY_BODY = YES;
				CLANG_WARN_ENUM_CONVERSION = YES;
				CLANG_WARN_INFINITE_RECURSION = YES;
				CLANG_WARN_INT_CONVERSION = YES;
				CLANG_WARN_NON_LITERAL_NULL_CONVERSION = YES;
				CLANG_WARN_OBJC_IMPLICIT_RETAIN_SELF = YES;
				CLANG_WARN_OBJC_LITERAL_CONVERSION = YES;
				CLANG_WARN_OBJC_ROOT_CLASS = YES_ERROR;
				CLANG_WARN_QUOTED_INCLUDE_IN_FRAMEWORK_HEADER = YES;
				CLANG_WARN_RANGE_LOOP_ANALYSIS = YES;
				CLANG_WARN_STRICT_PROTOTYPES = YES;
				CLANG_WARN_SUSPICIOUS_MOVE = YES;
				CLANG_WARN_UNGUARDED_AVAILABILITY = YES_AGGRESSIVE;
				CLANG_WARN_UNREACHABLE_CODE = YES;
				CLANG_WARN__DUPLICATE_METHOD_MATCH = YES;
				COPY_PHASE_STRIP = NO;
				DEBUG_INFORMATION_FORMAT = dwarf;
				ENABLE_STRICT_OBJC_MSGSEND = YES;
				ENABLE_TESTABILITY = YES;
				GCC_C_LANGUAGE_STANDARD = gnu11;
				GCC_DYNAMIC_NO_PIC = NO;
				GCC_NO_COMMON_BLOCKS = YES;
				GCC_OPTIMIZATION_LEVEL = 0;
				GCC_PREPROCESSOR_DEFINITIONS = (
					"DEBUG=1",
					"$(inherited)",
				);
				GCC_WARN_64_TO_32_BIT_CONVERSION = YES;
				GCC_WARN_ABOUT_RETURN_TYPE = YES_ERROR;
				GCC_WARN_UNDECLARED_SELECTOR = YES;
				GCC_WARN_UNINITIALIZED_AUTOS = YES_AGGRESSIVE;
				GCC_WARN_UNUSED_FUNCTION = YES;
				GCC_WARN_UNUSED_VARIABLE = YES;
				IPHONEOS_DEPLOYMENT_TARGET = 16.2;
				MTL_ENABLE_DEBUG_INFO = INCLUDE_SOURCE;
				MTL_FAST_MATH = YES;
				ONLY_ACTIVE_ARCH = YES;
				SDKROOT = iphoneos;
				SWIFT_ACTIVE_COMPILATION_CONDITIONS = DEBUG;
				SWIFT_OPTIMIZATION_LEVEL = "-Onone";
			};
			name = Debug;
		};
		9AEA80FB297134A2000672FC /* Release */ = {
			isa = XCBuildConfiguration;
			buildSettings = {
				ALWAYS_SEARCH_USER_PATHS = NO;
				CLANG_ANALYZER_NONNULL = YES;
				CLANG_ANALYZER_NUMBER_OBJECT_CONVERSION = YES_AGGRESSIVE;
				CLANG_CXX_LANGUAGE_STANDARD = "gnu++20";
				CLANG_ENABLE_MODULES = YES;
				CLANG_ENABLE_OBJC_ARC = YES;
				CLANG_ENABLE_OBJC_WEAK = YES;
				CLANG_WARN_BLOCK_CAPTURE_AUTORELEASING = YES;
				CLANG_WARN_BOOL_CONVERSION = YES;
				CLANG_WARN_COMMA = YES;
				CLANG_WARN_CONSTANT_CONVERSION = YES;
				CLANG_WARN_DEPRECATED_OBJC_IMPLEMENTATIONS = YES;
				CLANG_WARN_DIRECT_OBJC_ISA_USAGE = YES_ERROR;
				CLANG_WARN_DOCUMENTATION_COMMENTS = YES;
				CLANG_WARN_EMPTY_BODY = YES;
				CLANG_WARN_ENUM_CONVERSION = YES;
				CLANG_WARN_INFINITE_RECURSION = YES;
				CLANG_WARN_INT_CONVERSION = YES;
				CLANG_WARN_NON_LITERAL_NULL_CONVERSION = YES;
				CLANG_WARN_OBJC_IMPLICIT_RETAIN_SELF = YES;
				CLANG_WARN_OBJC_LITERAL_CONVERSION = YES;
				CLANG_WARN_OBJC_ROOT_CLASS = YES_ERROR;
				CLANG_WARN_QUOTED_INCLUDE_IN_FRAMEWORK_HEADER = YES;
				CLANG_WARN_RANGE_LOOP_ANALYSIS = YES;
				CLANG_WARN_STRICT_PROTOTYPES = YES;
				CLANG_WARN_SUSPICIOUS_MOVE = YES;
				CLANG_WARN_UNGUARDED_AVAILABILITY = YES_AGGRESSIVE;
				CLANG_WARN_UNREACHABLE_CODE = YES;
				CLANG_WARN__DUPLICATE_METHOD_MATCH = YES;
				COPY_PHASE_STRIP = NO;
				DEBUG_INFORMATION_FORMAT = "dwarf-with-dsym";
				ENABLE_NS_ASSERTIONS = NO;
				ENABLE_STRICT_OBJC_MSGSEND = YES;
				GCC_C_LANGUAGE_STANDARD = gnu11;
				GCC_NO_COMMON_BLOCKS = YES;
				GCC_WARN_64_TO_32_BIT_CONVERSION = YES;
				GCC_WARN_ABOUT_RETURN_TYPE = YES_ERROR;
				GCC_WARN_UNDECLARED_SELECTOR = YES;
				GCC_WARN_UNINITIALIZED_AUTOS = YES_AGGRESSIVE;
				GCC_WARN_UNUSED_FUNCTION = YES;
				GCC_WARN_UNUSED_VARIABLE = YES;
				IPHONEOS_DEPLOYMENT_TARGET = 16.2;
				MTL_ENABLE_DEBUG_INFO = NO;
				MTL_FAST_MATH = YES;
				SDKROOT = iphoneos;
				SWIFT_COMPILATION_MODE = wholemodule;
				SWIFT_OPTIMIZATION_LEVEL = "-O";
				VALIDATE_PRODUCT = YES;
			};
			name = Release;
		};
/* End XCBuildConfiguration section */

/* Begin XCConfigurationList section */
		58D2A3572E935F9E00E23597 /* Build configuration list for PBXNativeTarget "SimutaneousCursors" */ = {
			isa = XCConfigurationList;
			buildConfigurations = (
				58D2A3582E935F9E00E23597 /* Debug */,
				58D2A3592E935F9E00E23597 /* Release */,
			);
			defaultConfigurationIsVisible = 0;
			defaultConfigurationName = Release;
		};
		9AEA80E3297134A1000672FC /* Build configuration list for PBXProject "SimutaneousCursors" */ = {
			isa = XCConfigurationList;
			buildConfigurations = (
				9AEA80FA297134A2000672FC /* Debug */,
				9AEA80FB297134A2000672FC /* Release */,
			);
			defaultConfigurationIsVisible = 0;
			defaultConfigurationName = Release;
		};
/* End XCConfigurationList section */

/* Begin XCSwiftPackageProductDependency section */
		58D2A3722E93650300E23597 /* Yorkie */ = {
			isa = XCSwiftPackageProductDependency;
			productName = Yorkie;
		};
/* End XCSwiftPackageProductDependency section */
	};
	rootObject = 9AEA80E0297134A1000672FC /* Project object */;
}
