// !$*UTF8*$!
{
	archiveVersion = 1;
	classes = {
	};
	objectVersion = 56;
	objects = {

/* Begin PBXBuildFile section */
		5849C6E72E93B0F500B2C53E /* Assets.xcassets in Resources */ = {isa = PBXBuildFile; fileRef = 5849C6E32E93B0F500B2C53E /* Assets.xcassets */; };
		5849C6E82E93B0F500B2C53E /* ContentView.swift in Sources */ = {isa = PBXBuildFile; fileRef = 5849C6E42E93B0F500B2C53E /* ContentView.swift */; };
		5849C6E92E93B0F500B2C53E /* SchedulerApp.swift in Sources */ = {isa = PBXBuildFile; fileRef = 5849C6E52E93B0F500B2C53E /* SchedulerApp.swift */; };
		5849C6EB2E93B66000B2C53E /* ContentViewModel.swift in Sources */ = {isa = PBXBuildFile; fileRef = 5849C6EA2E93B65E00B2C53E /* ContentViewModel.swift */; };
		5849C6ED2E93B75000B2C53E /* Yorkie in Frameworks */ = {isa = PBXBuildFile; productRef = 5849C6EC2E93B75000B2C53E /* Yorkie */; };
		5849C6EF2E94CAA100B2C53E /* EventDetailView.swift in Sources */ = {isa = PBXBuildFile; fileRef = 5849C6EE2E94CAA000B2C53E /* EventDetailView.swift */; };
		5849C6F12E94CABA00B2C53E /* CalendarViewWrapper.swift in Sources */ = {isa = PBXBuildFile; fileRef = 5849C6F02E94CAB900B2C53E /* CalendarViewWrapper.swift */; };
		5849C6F42E94E52100B2C53E /* Event.swift in Sources */ = {isa = PBXBuildFile; fileRef = 5849C6F32E94E52100B2C53E /* Event.swift */; };
		5849C6F62E94E53600B2C53E /* Constant.swift in Sources */ = {isa = PBXBuildFile; fileRef = 5849C6F52E94E53500B2C53E /* Constant.swift */; };
/* End PBXBuildFile section */

/* Begin PBXFileReference section */
		5849C6BC2E93B0EA00B2C53E /* Scheduler.app */ = {isa = PBXFileReference; explicitFileType = wrapper.application; includeInIndex = 0; path = Scheduler.app; sourceTree = BUILT_PRODUCTS_DIR; };
		5849C6E32E93B0F500B2C53E /* Assets.xcassets */ = {isa = PBXFileReference; lastKnownFileType = folder.assetcatalog; path = Assets.xcassets; sourceTree = "<group>"; };
		5849C6E42E93B0F500B2C53E /* ContentView.swift */ = {isa = PBXFileReference; lastKnownFileType = sourcecode.swift; path = ContentView.swift; sourceTree = "<group>"; };
		5849C6E52E93B0F500B2C53E /* SchedulerApp.swift */ = {isa = PBXFileReference; lastKnownFileType = sourcecode.swift; path = SchedulerApp.swift; sourceTree = "<group>"; };
		5849C6EA2E93B65E00B2C53E /* ContentViewModel.swift */ = {isa = PBXFileReference; lastKnownFileType = sourcecode.swift; path = ContentViewModel.swift; sourceTree = "<group>"; };
		5849C6EE2E94CAA000B2C53E /* EventDetailView.swift */ = {isa = PBXFileReference; lastKnownFileType = sourcecode.swift; path = EventDetailView.swift; sourceTree = "<group>"; };
		5849C6F02E94CAB900B2C53E /* CalendarViewWrapper.swift */ = {isa = PBXFileReference; lastKnownFileType = sourcecode.swift; path = CalendarViewWrapper.swift; sourceTree = "<group>"; };
		5849C6F32E94E52100B2C53E /* Event.swift */ = {isa = PBXFileReference; lastKnownFileType = sourcecode.swift; path = Event.swift; sourceTree = "<group>"; };
		5849C6F52E94E53500B2C53E /* Constant.swift */ = {isa = PBXFileReference; lastKnownFileType = sourcecode.swift; path = Constant.swift; sourceTree = "<group>"; };
		9AC7CB94298CFEA60040D504 /* yorkie-ios-sdk */ = {isa = PBXFileReference; lastKnownFileType = wrapper; name = "yorkie-ios-sdk"; path = ../..; sourceTree = "<group>"; };
/* End PBXFileReference section */

/* Begin PBXFrameworksBuildPhase section */
		5849C6B92E93B0EA00B2C53E /* Frameworks */ = {
			isa = PBXFrameworksBuildPhase;
			buildActionMask = 2147483647;
			files = (
				5849C6ED2E93B75000B2C53E /* Yorkie in Frameworks */,
			);
			runOnlyForDeploymentPostprocessing = 0;
		};
/* End PBXFrameworksBuildPhase section */

/* Begin PBXGroup section */
		5849C6E62E93B0F500B2C53E /* Scheduler */ = {
			isa = PBXGroup;
			children = (
				5849C6F22E94E51600B2C53E /* Models */,
				5849C6F02E94CAB900B2C53E /* CalendarViewWrapper.swift */,
				5849C6EE2E94CAA000B2C53E /* EventDetailView.swift */,
				5849C6EA2E93B65E00B2C53E /* ContentViewModel.swift */,
				5849C6E32E93B0F500B2C53E /* Assets.xcassets */,
				5849C6E42E93B0F500B2C53E /* ContentView.swift */,
				5849C6E52E93B0F500B2C53E /* SchedulerApp.swift */,
			);
			path = Scheduler;
			sourceTree = "<group>";
		};
		5849C6F22E94E51600B2C53E /* Models */ = {
			isa = PBXGroup;
			children = (
				5849C6F52E94E53500B2C53E /* Constant.swift */,
				5849C6F32E94E52100B2C53E /* Event.swift */,
			);
			path = Models;
			sourceTree = "<group>";
		};
		9AC7CB93298CFEA60040D504 /* Packages */ = {
			isa = PBXGroup;
			children = (
				9AC7CB94298CFEA60040D504 /* yorkie-ios-sdk */,
			);
			name = Packages;
			sourceTree = "<group>";
		};
		9AC7CB95298CFEC90040D504 /* Frameworks */ = {
			isa = PBXGroup;
			children = (
			);
			name = Frameworks;
			sourceTree = "<group>";
		};
		9AEA80DF297134A1000672FC = {
			isa = PBXGroup;
			children = (
				9AC7CB93298CFEA60040D504 /* Packages */,
				5849C6E62E93B0F500B2C53E /* Scheduler */,
				9AEA80E9297134A1000672FC /* Products */,
				9AC7CB95298CFEC90040D504 /* Frameworks */,
			);
			sourceTree = "<group>";
		};
		9AEA80E9297134A1000672FC /* Products */ = {
			isa = PBXGroup;
			children = (
				5849C6BC2E93B0EA00B2C53E /* Scheduler.app */,
			);
			name = Products;
			sourceTree = "<group>";
		};
/* End PBXGroup section */

/* Begin PBXNativeTarget section */
		5849C6BB2E93B0EA00B2C53E /* Scheduler */ = {
			isa = PBXNativeTarget;
			buildConfigurationList = 5849C6DA2E93B0EB00B2C53E /* Build configuration list for PBXNativeTarget "Scheduler" */;
			buildPhases = (
				5849C6B82E93B0EA00B2C53E /* Sources */,
				5849C6B92E93B0EA00B2C53E /* Frameworks */,
				5849C6BA2E93B0EA00B2C53E /* Resources */,
			);
			buildRules = (
			);
			dependencies = (
			);
			name = Scheduler;
			packageProductDependencies = (
				5849C6EC2E93B75000B2C53E /* Yorkie */,
			);
			productName = Scheduler;
			productReference = 5849C6BC2E93B0EA00B2C53E /* Scheduler.app */;
			productType = "com.apple.product-type.application";
		};
/* End PBXNativeTarget section */

/* Begin PBXProject section */
		9AEA80E0297134A1000672FC /* Project object */ = {
			isa = PBXProject;
			attributes = {
				BuildIndependentTargetsInParallel = 1;
				LastSwiftUpdateCheck = 2600;
				LastUpgradeCheck = 1420;
				TargetAttributes = {
					5849C6BB2E93B0EA00B2C53E = {
						CreatedOnToolsVersion = 26.0.1;
					};
				};
			};
			buildConfigurationList = 9AEA80E3297134A1000672FC /* Build configuration list for PBXProject "Scheduler" */;
			compatibilityVersion = "Xcode 14.0";
			developmentRegion = en;
			hasScannedForEncodings = 0;
			knownRegions = (
				en,
				Base,
			);
			mainGroup = 9AEA80DF297134A1000672FC;
			packageReferences = (
			);
			productRefGroup = 9AEA80E9297134A1000672FC /* Products */;
			projectDirPath = "";
			projectRoot = "";
			targets = (
				5849C6BB2E93B0EA00B2C53E /* Scheduler */,
			);
		};
/* End PBXProject section */

/* Begin PBXResourcesBuildPhase section */
		5849C6BA2E93B0EA00B2C53E /* Resources */ = {
			isa = PBXResourcesBuildPhase;
			buildActionMask = 2147483647;
			files = (
				5849C6E72E93B0F500B2C53E /* Assets.xcassets in Resources */,
			);
			runOnlyForDeploymentPostprocessing = 0;
		};
/* End PBXResourcesBuildPhase section */

/* Begin PBXSourcesBuildPhase section */
		5849C6B82E93B0EA00B2C53E /* Sources */ = {
			isa = PBXSourcesBuildPhase;
			buildActionMask = 2147483647;
			files = (
				5849C6F62E94E53600B2C53E /* Constant.swift in Sources */,
				5849C6EF2E94CAA100B2C53E /* EventDetailView.swift in Sources */,
				5849C6F12E94CABA00B2C53E /* CalendarViewWrapper.swift in Sources */,
				5849C6E82E93B0F500B2C53E /* ContentView.swift in Sources */,
				5849C6E92E93B0F500B2C53E /* SchedulerApp.swift in Sources */,
				5849C6F42E94E52100B2C53E /* Event.swift in Sources */,
				5849C6EB2E93B66000B2C53E /* ContentViewModel.swift in Sources */,
			);
			runOnlyForDeploymentPostprocessing = 0;
		};
/* End PBXSourcesBuildPhase section */

/* Begin XCBuildConfiguration section */
		5849C6DB2E93B0EB00B2C53E /* Debug */ = {
			isa = XCBuildConfiguration;
			buildSettings = {
				ASSETCATALOG_COMPILER_APPICON_NAME = AppIcon;
				ASSETCATALOG_COMPILER_GENERATE_SWIFT_ASSET_SYMBOL_EXTENSIONS = YES;
				ASSETCATALOG_COMPILER_GLOBAL_ACCENT_COLOR_NAME = AccentColor;
				CODE_SIGN_STYLE = Automatic;
				CURRENT_PROJECT_VERSION = 1;
				ENABLE_PREVIEWS = YES;
				ENABLE_USER_SCRIPT_SANDBOXING = YES;
				GCC_C_LANGUAGE_STANDARD = gnu17;
				GENERATE_INFOPLIST_FILE = YES;
				INFOPLIST_KEY_UIApplicationSceneManifest_Generation = YES;
				INFOPLIST_KEY_UIApplicationSupportsIndirectInputEvents = YES;
				INFOPLIST_KEY_UILaunchScreen_Generation = YES;
				INFOPLIST_KEY_UISupportedInterfaceOrientations_iPad = "UIInterfaceOrientationPortrait UIInterfaceOrientationPortraitUpsideDown UIInterfaceOrientationLandscapeLeft UIInterfaceOrientationLandscapeRight";
				INFOPLIST_KEY_UISupportedInterfaceOrientations_iPhone = "UIInterfaceOrientationPortrait UIInterfaceOrientationLandscapeLeft UIInterfaceOrientationLandscapeRight";
				IPHONEOS_DEPLOYMENT_TARGET = 26.0;
				LD_RUNPATH_SEARCH_PATHS = (
					"$(inherited)",
					"@executable_path/Frameworks",
				);
				LOCALIZATION_PREFERS_STRING_CATALOGS = YES;
				MARKETING_VERSION = 1.0;
				PRODUCT_BUNDLE_IDENTIFIER = com.PlaygroundApp.Scheduler;
				PRODUCT_NAME = "$(TARGET_NAME)";
				STRING_CATALOG_GENERATE_SYMBOLS = YES;
				SWIFT_ACTIVE_COMPILATION_CONDITIONS = "DEBUG $(inherited)";
				SWIFT_APPROACHABLE_CONCURRENCY = YES;
				SWIFT_DEFAULT_ACTOR_ISOLATION = MainActor;
				SWIFT_EMIT_LOC_STRINGS = YES;
				SWIFT_UPCOMING_FEATURE_MEMBER_IMPORT_VISIBILITY = YES;
				SWIFT_VERSION = 5.0;
				TARGETED_DEVICE_FAMILY = "1,2";
			};
			name = Debug;
		};
		5849C6DC2E93B0EB00B2C53E /* Release */ = {
			isa = XCBuildConfiguration;
			buildSettings = {
				ASSETCATALOG_COMPILER_APPICON_NAME = AppIcon;
				ASSETCATALOG_COMPILER_GENERATE_SWIFT_ASSET_SYMBOL_EXTENSIONS = YES;
				ASSETCATALOG_COMPILER_GLOBAL_ACCENT_COLOR_NAME = AccentColor;
				CODE_SIGN_STYLE = Automatic;
				CURRENT_PROJECT_VERSION = 1;
				ENABLE_PREVIEWS = YES;
				ENABLE_USER_SCRIPT_SANDBOXING = YES;
				GCC_C_LANGUAGE_STANDARD = gnu17;
				GENERATE_INFOPLIST_FILE = YES;
				INFOPLIST_KEY_UIApplicationSceneManifest_Generation = YES;
				INFOPLIST_KEY_UIApplicationSupportsIndirectInputEvents = YES;
				INFOPLIST_KEY_UILaunchScreen_Generation = YES;
				INFOPLIST_KEY_UISupportedInterfaceOrientations_iPad = "UIInterfaceOrientationPortrait UIInterfaceOrientationPortraitUpsideDown UIInterfaceOrientationLandscapeLeft UIInterfaceOrientationLandscapeRight";
				INFOPLIST_KEY_UISupportedInterfaceOrientations_iPhone = "UIInterfaceOrientationPortrait UIInterfaceOrientationLandscapeLeft UIInterfaceOrientationLandscapeRight";
				IPHONEOS_DEPLOYMENT_TARGET = 26.0;
				LD_RUNPATH_SEARCH_PATHS = (
					"$(inherited)",
					"@executable_path/Frameworks",
				);
				LOCALIZATION_PREFERS_STRING_CATALOGS = YES;
				MARKETING_VERSION = 1.0;
				PRODUCT_BUNDLE_IDENTIFIER = com.PlaygroundApp.Scheduler;
				PRODUCT_NAME = "$(TARGET_NAME)";
				STRING_CATALOG_GENERATE_SYMBOLS = YES;
				SWIFT_APPROACHABLE_CONCURRENCY = YES;
				SWIFT_DEFAULT_ACTOR_ISOLATION = MainActor;
				SWIFT_EMIT_LOC_STRINGS = YES;
				SWIFT_UPCOMING_FEATURE_MEMBER_IMPORT_VISIBILITY = YES;
				SWIFT_VERSION = 5.0;
				TARGETED_DEVICE_FAMILY = "1,2";
			};
			name = Release;
		};
		9AEA80FA297134A2000672FC /* Debug */ = {
			isa = XCBuildConfiguration;
			buildSettings = {
				ALWAYS_SEARCH_USER_PATHS = NO;
				CLANG_ANALYZER_NONNULL = YES;
				CLANG_ANALYZER_NUMBER_OBJECT_CONVERSION = YES_AGGRESSIVE;
				CLANG_CXX_LANGUAGE_STANDARD = "gnu++20";
				CLANG_ENABLE_MODULES = YES;
				CLANG_ENABLE_OBJC_ARC = YES;
				CLANG_ENABLE_OBJC_WEAK = YES;
				CLANG_WARN_BLOCK_CAPTURE_AUTORELEASING = YES;
				CLANG_WARN_BOOL_CONVERSION = YES;
				CLANG_WARN_COMMA = YES;
				CLANG_WARN_CONSTANT_CONVERSION = YES;
				CLANG_WARN_DEPRECATED_OBJC_IMPLEMENTATIONS = YES;
				CLANG_WARN_DIRECT_OBJC_ISA_USAGE = YES_ERROR;
				CLANG_WARN_DOCUMENTATION_COMMENTS = YES;
				CLANG_WARN_EMPTY_BODY = YES;
				CLANG_WARN_ENUM_CONVERSION = YES;
				CLANG_WARN_INFINITE_RECURSION = YES;
				CLANG_WARN_INT_CONVERSION = YES;
				CLANG_WARN_NON_LITERAL_NULL_CONVERSION = YES;
				CLANG_WARN_OBJC_IMPLICIT_RETAIN_SELF = YES;
				CLANG_WARN_OBJC_LITERAL_CONVERSION = YES;
				CLANG_WARN_OBJC_ROOT_CLASS = YES_ERROR;
				CLANG_WARN_QUOTED_INCLUDE_IN_FRAMEWORK_HEADER = YES;
				CLANG_WARN_RANGE_LOOP_ANALYSIS = YES;
				CLANG_WARN_STRICT_PROTOTYPES = YES;
				CLANG_WARN_SUSPICIOUS_MOVE = YES;
				CLANG_WARN_UNGUARDED_AVAILABILITY = YES_AGGRESSIVE;
				CLANG_WARN_UNREACHABLE_CODE = YES;
				CLANG_WARN__DUPLICATE_METHOD_MATCH = YES;
				COPY_PHASE_STRIP = NO;
				DEBUG_INFORMATION_FORMAT = dwarf;
				ENABLE_STRICT_OBJC_MSGSEND = YES;
				ENABLE_TESTABILITY = YES;
				GCC_C_LANGUAGE_STANDARD = gnu11;
				GCC_DYNAMIC_NO_PIC = NO;
				GCC_NO_COMMON_BLOCKS = YES;
				GCC_OPTIMIZATION_LEVEL = 0;
				GCC_PREPROCESSOR_DEFINITIONS = (
					"DEBUG=1",
					"$(inherited)",
				);
				GCC_WARN_64_TO_32_BIT_CONVERSION = YES;
				GCC_WARN_ABOUT_RETURN_TYPE = YES_ERROR;
				GCC_WARN_UNDECLARED_SELECTOR = YES;
				GCC_WARN_UNINITIALIZED_AUTOS = YES_AGGRESSIVE;
				GCC_WARN_UNUSED_FUNCTION = YES;
				GCC_WARN_UNUSED_VARIABLE = YES;
				IPHONEOS_DEPLOYMENT_TARGET = 16.2;
				MTL_ENABLE_DEBUG_INFO = INCLUDE_SOURCE;
				MTL_FAST_MATH = YES;
				ONLY_ACTIVE_ARCH = YES;
				SDKROOT = iphoneos;
				SWIFT_ACTIVE_COMPILATION_CONDITIONS = DEBUG;
				SWIFT_OPTIMIZATION_LEVEL = "-Onone";
			};
			name = Debug;
		};
		9AEA80FB297134A2000672FC /* Release */ = {
			isa = XCBuildConfiguration;
			buildSettings = {
				ALWAYS_SEARCH_USER_PATHS = NO;
				CLANG_ANALYZER_NONNULL = YES;
				CLANG_ANALYZER_NUMBER_OBJECT_CONVERSION = YES_AGGRESSIVE;
				CLANG_CXX_LANGUAGE_STANDARD = "gnu++20";
				CLANG_ENABLE_MODULES = YES;
				CLANG_ENABLE_OBJC_ARC = YES;
				CLANG_ENABLE_OBJC_WEAK = YES;
				CLANG_WARN_BLOCK_CAPTURE_AUTORELEASING = YES;
				CLANG_WARN_BOOL_CONVERSION = YES;
				CLANG_WARN_COMMA = YES;
				CLANG_WARN_CONSTANT_CONVERSION = YES;
				CLANG_WARN_DEPRECATED_OBJC_IMPLEMENTATIONS = YES;
				CLANG_WARN_DIRECT_OBJC_ISA_USAGE = YES_ERROR;
				CLANG_WARN_DOCUMENTATION_COMMENTS = YES;
				CLANG_WARN_EMPTY_BODY = YES;
				CLANG_WARN_ENUM_CONVERSION = YES;
				CLANG_WARN_INFINITE_RECURSION = YES;
				CLANG_WARN_INT_CONVERSION = YES;
				CLANG_WARN_NON_LITERAL_NULL_CONVERSION = YES;
				CLANG_WARN_OBJC_IMPLICIT_RETAIN_SELF = YES;
				CLANG_WARN_OBJC_LITERAL_CONVERSION = YES;
				CLANG_WARN_OBJC_ROOT_CLASS = YES_ERROR;
				CLANG_WARN_QUOTED_INCLUDE_IN_FRAMEWORK_HEADER = YES;
				CLANG_WARN_RANGE_LOOP_ANALYSIS = YES;
				CLANG_WARN_STRICT_PROTOTYPES = YES;
				CLANG_WARN_SUSPICIOUS_MOVE = YES;
				CLANG_WARN_UNGUARDED_AVAILABILITY = YES_AGGRESSIVE;
				CLANG_WARN_UNREACHABLE_CODE = YES;
				CLANG_WARN__DUPLICATE_METHOD_MATCH = YES;
				COPY_PHASE_STRIP = NO;
				DEBUG_INFORMATION_FORMAT = "dwarf-with-dsym";
				ENABLE_NS_ASSERTIONS = NO;
				ENABLE_STRICT_OBJC_MSGSEND = YES;
				GCC_C_LANGUAGE_STANDARD = gnu11;
				GCC_NO_COMMON_BLOCKS = YES;
				GCC_WARN_64_TO_32_BIT_CONVERSION = YES;
				GCC_WARN_ABOUT_RETURN_TYPE = YES_ERROR;
				GCC_WARN_UNDECLARED_SELECTOR = YES;
				GCC_WARN_UNINITIALIZED_AUTOS = YES_AGGRESSIVE;
				GCC_WARN_UNUSED_FUNCTION = YES;
				GCC_WARN_UNUSED_VARIABLE = YES;
				IPHONEOS_DEPLOYMENT_TARGET = 16.2;
				MTL_ENABLE_DEBUG_INFO = NO;
				MTL_FAST_MATH = YES;
				SDKROOT = iphoneos;
				SWIFT_COMPILATION_MODE = wholemodule;
				SWIFT_OPTIMIZATION_LEVEL = "-O";
				VALIDATE_PRODUCT = YES;
			};
			name = Release;
		};
/* End XCBuildConfiguration section */

/* Begin XCConfigurationList section */
		5849C6DA2E93B0EB00B2C53E /* Build configuration list for PBXNativeTarget "Scheduler" */ = {
			isa = XCConfigurationList;
			buildConfigurations = (
				5849C6DB2E93B0EB00B2C53E /* Debug */,
				5849C6DC2E93B0EB00B2C53E /* Release */,
			);
			defaultConfigurationIsVisible = 0;
			defaultConfigurationName = Release;
		};
		9AEA80E3297134A1000672FC /* Build configuration list for PBXProject "Scheduler" */ = {
			isa = XCConfigurationList;
			buildConfigurations = (
				9AEA80FA297134A2000672FC /* Debug */,
				9AEA80FB297134A2000672FC /* Release */,
			);
			defaultConfigurationIsVisible = 0;
			defaultConfigurationName = Release;
		};
/* End XCConfigurationList section */

/* Begin XCSwiftPackageProductDependency section */
		5849C6EC2E93B75000B2C53E /* Yorkie */ = {
			isa = XCSwiftPackageProductDependency;
			productName = Yorkie;
		};
/* End XCSwiftPackageProductDependency section */
	};
	rootObject = 9AEA80E0297134A1000672FC /* Project object */;
}
