// !$*UTF8*$!
{
	archiveVersion = 1;
	classes = {
	};
	objectVersion = 56;
	objects = {

/* Begin PBXBuildFile section */
		9A15BB13298BDA130072612B /* TextViewModel.swift in Sources */ = {isa = PBXBuildFile; fileRef = 9A15BB12298BDA130072612B /* TextViewModel.swift */; };
		9A15C90F2995DFF800E7EAE7 /* Yorkie in Frameworks */ = {isa = PBXBuildFile; productRef = 9A15C90E2995DFF800E7EAE7 /* Yorkie */; };
		9AEA80EC297134A1000672FC /* AppDelegate.swift in Sources */ = {isa = PBXBuildFile; fileRef = 9AEA80EB297134A1000672FC /* AppDelegate.swift */; };
		9AEA80EE297134A1000672FC /* SceneDelegate.swift in Sources */ = {isa = PBXBuildFile; fileRef = 9AEA80ED297134A1000672FC /* SceneDelegate.swift */; };
		9AEA80F0297134A1000672FC /* ViewController.swift in Sources */ = {isa = PBXBuildFile; fileRef = 9AEA80EF297134A1000672FC /* ViewController.swift */; };
		9AEA80F3297134A1000672FC /* Main.storyboard in Resources */ = {isa = PBXBuildFile; fileRef = 9AEA80F1297134A1000672FC /* Main.storyboard */; };
		9AEA80F5297134A2000672FC /* Assets.xcassets in Resources */ = {isa = PBXBuildFile; fileRef = 9AEA80F4297134A2000672FC /* Assets.xcassets */; };
		9AEA80F8297134A2000672FC /* LaunchScreen.storyboard in Resources */ = {isa = PBXBuildFile; fileRef = 9AEA80F6297134A2000672FC /* LaunchScreen.storyboard */; };
		9AEA810229713DBB000672FC /* TextEditorViewController.swift in Sources */ = {isa = PBXBuildFile; fileRef = 9AEA810129713DBB000672FC /* TextEditorViewController.swift */; };
/* End PBXBuildFile section */

/* Begin PBXFileReference section */
		9A15BB12298BDA130072612B /* TextViewModel.swift */ = {isa = PBXFileReference; lastKnownFileType = sourcecode.swift; path = TextViewModel.swift; sourceTree = "<group>"; };
		9AC7CB94298CFEA60040D504 /* yorkie-ios-sdk */ = {isa = PBXFileReference; lastKnownFileType = wrapper; name = "yorkie-ios-sdk"; path = ../..; sourceTree = "<group>"; };
		9AEA80E8297134A1000672FC /* TextEditorApp.app */ = {isa = PBXFileReference; explicitFileType = wrapper.application; includeInIndex = 0; path = TextEditorApp.app; sourceTree = BUILT_PRODUCTS_DIR; };
		9AEA80EB297134A1000672FC /* AppDelegate.swift */ = {isa = PBXFileReference; lastKnownFileType = sourcecode.swift; path = AppDelegate.swift; sourceTree = "<group>"; };
		9AEA80ED297134A1000672FC /* SceneDelegate.swift */ = {isa = PBXFileReference; lastKnownFileType = sourcecode.swift; path = SceneDelegate.swift; sourceTree = "<group>"; };
		9AEA80EF297134A1000672FC /* ViewController.swift */ = {isa = PBXFileReference; lastKnownFileType = sourcecode.swift; path = ViewController.swift; sourceTree = "<group>"; };
		9AEA80F2297134A1000672FC /* Base */ = {isa = PBXFileReference; lastKnownFileType = file.storyboard; name = Base; path = Base.lproj/Main.storyboard; sourceTree = "<group>"; };
		9AEA80F4297134A2000672FC /* Assets.xcassets */ = {isa = PBXFileReference; lastKnownFileType = folder.assetcatalog; path = Assets.xcassets; sourceTree = "<group>"; };
		9AEA80F7297134A2000672FC /* Base */ = {isa = PBXFileReference; lastKnownFileType = file.storyboard; name = Base; path = Base.lproj/LaunchScreen.storyboard; sourceTree = "<group>"; };
		9AEA80F9297134A2000672FC /* Info.plist */ = {isa = PBXFileReference; lastKnownFileType = text.plist.xml; path = Info.plist; sourceTree = "<group>"; };
		9AEA810129713DBB000672FC /* TextEditorViewController.swift */ = {isa = PBXFileReference; lastKnownFileType = sourcecode.swift; path = TextEditorViewController.swift; sourceTree = "<group>"; };
/* End PBXFileReference section */

/* Begin PBXFrameworksBuildPhase section */
		9AEA80E5297134A1000672FC /* Frameworks */ = {
			isa = PBXFrameworksBuildPhase;
			buildActionMask = 2147483647;
			files = (
				9A15C90F2995DFF800E7EAE7 /* Yorkie in Frameworks */,
			);
			runOnlyForDeploymentPostprocessing = 0;
		};
/* End PBXFrameworksBuildPhase section */

/* Begin PBXGroup section */
		9AC7CB93298CFEA60040D504 /* Packages */ = {
			isa = PBXGroup;
			children = (
				9AC7CB94298CFEA60040D504 /* yorkie-ios-sdk */,
			);
			name = Packages;
			sourceTree = "<group>";
		};
		9AC7CB95298CFEC90040D504 /* Frameworks */ = {
			isa = PBXGroup;
			children = (
			);
			name = Frameworks;
			sourceTree = "<group>";
		};
		9AEA80DF297134A1000672FC = {
			isa = PBXGroup;
			children = (
				9AC7CB93298CFEA60040D504 /* Packages */,
				9AEA80EA297134A1000672FC /* TextEditorApp */,
				9AEA80E9297134A1000672FC /* Products */,
				9AC7CB95298CFEC90040D504 /* Frameworks */,
			);
			sourceTree = "<group>";
		};
		9AEA80E9297134A1000672FC /* Products */ = {
			isa = PBXGroup;
			children = (
				9AEA80E8297134A1000672FC /* TextEditorApp.app */,
			);
			name = Products;
			sourceTree = "<group>";
		};
		9AEA80EA297134A1000672FC /* TextEditorApp */ = {
			isa = PBXGroup;
			children = (
				9AEA80FF29713D63000672FC /* TextEditor */,
				9AEA80EB297134A1000672FC /* AppDelegate.swift */,
				9AEA80ED297134A1000672FC /* SceneDelegate.swift */,
				9AEA80EF297134A1000672FC /* ViewController.swift */,
				9AEA80F1297134A1000672FC /* Main.storyboard */,
				9AEA80F4297134A2000672FC /* Assets.xcassets */,
				9AEA80F6297134A2000672FC /* LaunchScreen.storyboard */,
				9AEA80F9297134A2000672FC /* Info.plist */,
			);
			path = TextEditorApp;
			sourceTree = "<group>";
		};
		9AEA80FF29713D63000672FC /* TextEditor */ = {
			isa = PBXGroup;
			children = (
				9AEA810029713D73000672FC /* View */,
				9A15BB12298BDA130072612B /* TextViewModel.swift */,
			);
			path = TextEditor;
			sourceTree = "<group>";
		};
		9AEA810029713D73000672FC /* View */ = {
			isa = PBXGroup;
			children = (
				9AEA810129713DBB000672FC /* TextEditorViewController.swift */,
			);
			path = View;
			sourceTree = "<group>";
		};
/* End PBXGroup section */

/* Begin PBXNativeTarget section */
		9AEA80E7297134A1000672FC /* TextEditorApp */ = {
			isa = PBXNativeTarget;
			buildConfigurationList = 9AEA80FC297134A2000672FC /* Build configuration list for PBXNativeTarget "TextEditorApp" */;
			buildPhases = (
				9AEA80E4297134A1000672FC /* Sources */,
				9AEA80E5297134A1000672FC /* Frameworks */,
				9AEA80E6297134A1000672FC /* Resources */,
			);
			buildRules = (
			);
			dependencies = (
			);
			name = TextEditorApp;
			packageProductDependencies = (
				9A15C90E2995DFF800E7EAE7 /* Yorkie */,
			);
			productName = TextEditorApp;
			productReference = 9AEA80E8297134A1000672FC /* TextEditorApp.app */;
			productType = "com.apple.product-type.application";
		};
/* End PBXNativeTarget section */

/* Begin PBXProject section */
		9AEA80E0297134A1000672FC /* Project object */ = {
			isa = PBXProject;
			attributes = {
				BuildIndependentTargetsInParallel = 1;
				LastSwiftUpdateCheck = 1420;
				LastUpgradeCheck = 1420;
				TargetAttributes = {
					9AEA80E7297134A1000672FC = {
						CreatedOnToolsVersion = 14.2;
					};
				};
			};
			buildConfigurationList = 9AEA80E3297134A1000672FC /* Build configuration list for PBXProject "TextEditorApp" */;
			compatibilityVersion = "Xcode 14.0";
			developmentRegion = en;
			hasScannedForEncodings = 0;
			knownRegions = (
				en,
				Base,
			);
			mainGroup = 9AEA80DF297134A1000672FC;
			packageReferences = (
			);
			productRefGroup = 9AEA80E9297134A1000672FC /* Products */;
			projectDirPath = "";
			projectRoot = "";
			targets = (
				9AEA80E7297134A1000672FC /* TextEditorApp */,
			);
		};
/* End PBXProject section */

/* Begin PBXResourcesBuildPhase section */
		9AEA80E6297134A1000672FC /* Resources */ = {
			isa = PBXResourcesBuildPhase;
			buildActionMask = 2147483647;
			files = (
				9AEA80F8297134A2000672FC /* LaunchScreen.storyboard in Resources */,
				9AEA80F5297134A2000672FC /* Assets.xcassets in Resources */,
				9AEA80F3297134A1000672FC /* Main.storyboard in Resources */,
			);
			runOnlyForDeploymentPostprocessing = 0;
		};
/* End PBXResourcesBuildPhase section */

/* Begin PBXSourcesBuildPhase section */
		9AEA80E4297134A1000672FC /* Sources */ = {
			isa = PBXSourcesBuildPhase;
			buildActionMask = 2147483647;
			files = (
				9AEA810229713DBB000672FC /* TextEditorViewController.swift in Sources */,
				9AEA80F0297134A1000672FC /* ViewController.swift in Sources */,
				9AEA80EC297134A1000672FC /* AppDelegate.swift in Sources */,
				9A15BB13298BDA130072612B /* TextViewModel.swift in Sources */,
				9AEA80EE297134A1000672FC /* SceneDelegate.swift in Sources */,
			);
			runOnlyForDeploymentPostprocessing = 0;
		};
/* End PBXSourcesBuildPhase section */

/* Begin PBXVariantGroup section */
		9AEA80F1297134A1000672FC /* Main.storyboard */ = {
			isa = PBXVariantGroup;
			children = (
				9AEA80F2297134A1000672FC /* Base */,
			);
			name = Main.storyboard;
			sourceTree = "<group>";
		};
		9AEA80F6297134A2000672FC /* LaunchScreen.storyboard */ = {
			isa = PBXVariantGroup;
			children = (
				9AEA80F7297134A2000672FC /* Base */,
			);
			name = LaunchScreen.storyboard;
			sourceTree = "<group>";
		};
/* End PBXVariantGroup section */

/* Begin XCBuildConfiguration section */
		9AEA80FA297134A2000672FC /* Debug */ = {
			isa = XCBuildConfiguration;
			buildSettings = {
				ALWAYS_SEARCH_USER_PATHS = NO;
				CLANG_ANALYZER_NONNULL = YES;
				CLANG_ANALYZER_NUMBER_OBJECT_CONVERSION = YES_AGGRESSIVE;
				CLANG_CXX_LANGUAGE_STANDARD = "gnu++20";
				CLANG_ENABLE_MODULES = YES;
				CLANG_ENABLE_OBJC_ARC = YES;
				CLANG_ENABLE_OBJC_WEAK = YES;
				CLANG_WARN_BLOCK_CAPTURE_AUTORELEASING = YES;
				CLANG_WARN_BOOL_CONVERSION = YES;
				CLANG_WARN_COMMA = YES;
				CLANG_WARN_CONSTANT_CONVERSION = YES;
				CLANG_WARN_DEPRECATED_OBJC_IMPLEMENTATIONS = YES;
				CLANG_WARN_DIRECT_OBJC_ISA_USAGE = YES_ERROR;
				CLANG_WARN_DOCUMENTATION_COMMENTS = YES;
				CLANG_WARN_EMPTY_BODY = YES;
				CLANG_WARN_ENUM_CONVERSION = YES;
				CLANG_WARN_INFINITE_RECURSION = YES;
				CLANG_WARN_INT_CONVERSION = YES;
				CLANG_WARN_NON_LITERAL_NULL_CONVERSION = YES;
				CLANG_WARN_OBJC_IMPLICIT_RETAIN_SELF = YES;
				CLANG_WARN_OBJC_LITERAL_CONVERSION = YES;
				CLANG_WARN_OBJC_ROOT_CLASS = YES_ERROR;
				CLANG_WARN_QUOTED_INCLUDE_IN_FRAMEWORK_HEADER = YES;
				CLANG_WARN_RANGE_LOOP_ANALYSIS = YES;
				CLANG_WARN_STRICT_PROTOTYPES = YES;
				CLANG_WARN_SUSPICIOUS_MOVE = YES;
				CLANG_WARN_UNGUARDED_AVAILABILITY = YES_AGGRESSIVE;
				CLANG_WARN_UNREACHABLE_CODE = YES;
				CLANG_WARN__DUPLICATE_METHOD_MATCH = YES;
				COPY_PHASE_STRIP = NO;
				DEBUG_INFORMATION_FORMAT = dwarf;
				ENABLE_STRICT_OBJC_MSGSEND = YES;
				ENABLE_TESTABILITY = YES;
				GCC_C_LANGUAGE_STANDARD = gnu11;
				GCC_DYNAMIC_NO_PIC = NO;
				GCC_NO_COMMON_BLOCKS = YES;
				GCC_OPTIMIZATION_LEVEL = 0;
				GCC_PREPROCESSOR_DEFINITIONS = (
					"DEBUG=1",
					"$(inherited)",
				);
				GCC_WARN_64_TO_32_BIT_CONVERSION = YES;
				GCC_WARN_ABOUT_RETURN_TYPE = YES_ERROR;
				GCC_WARN_UNDECLARED_SELECTOR = YES;
				GCC_WARN_UNINITIALIZED_AUTOS = YES_AGGRESSIVE;
				GCC_WARN_UNUSED_FUNCTION = YES;
				GCC_WARN_UNUSED_VARIABLE = YES;
				IPHONEOS_DEPLOYMENT_TARGET = 16.2;
				MTL_ENABLE_DEBUG_INFO = INCLUDE_SOURCE;
				MTL_FAST_MATH = YES;
				ONLY_ACTIVE_ARCH = YES;
				SDKROOT = iphoneos;
				SWIFT_ACTIVE_COMPILATION_CONDITIONS = DEBUG;
				SWIFT_OPTIMIZATION_LEVEL = "-Onone";
			};
			name = Debug;
		};
		9AEA80FB297134A2000672FC /* Release */ = {
			isa = XCBuildConfiguration;
			buildSettings = {
				ALWAYS_SEARCH_USER_PATHS = NO;
				CLANG_ANALYZER_NONNULL = YES;
				CLANG_ANALYZER_NUMBER_OBJECT_CONVERSION = YES_AGGRESSIVE;
				CLANG_CXX_LANGUAGE_STANDARD = "gnu++20";
				CLANG_ENABLE_MODULES = YES;
				CLANG_ENABLE_OBJC_ARC = YES;
				CLANG_ENABLE_OBJC_WEAK = YES;
				CLANG_WARN_BLOCK_CAPTURE_AUTORELEASING = YES;
				CLANG_WARN_BOOL_CONVERSION = YES;
				CLANG_WARN_COMMA = YES;
				CLANG_WARN_CONSTANT_CONVERSION = YES;
				CLANG_WARN_DEPRECATED_OBJC_IMPLEMENTATIONS = YES;
				CLANG_WARN_DIRECT_OBJC_ISA_USAGE = YES_ERROR;
				CLANG_WARN_DOCUMENTATION_COMMENTS = YES;
				CLANG_WARN_EMPTY_BODY = YES;
				CLANG_WARN_ENUM_CONVERSION = YES;
				CLANG_WARN_INFINITE_RECURSION = YES;
				CLANG_WARN_INT_CONVERSION = YES;
				CLANG_WARN_NON_LITERAL_NULL_CONVERSION = YES;
				CLANG_WARN_OBJC_IMPLICIT_RETAIN_SELF = YES;
				CLANG_WARN_OBJC_LITERAL_CONVERSION = YES;
				CLANG_WARN_OBJC_ROOT_CLASS = YES_ERROR;
				CLANG_WARN_QUOTED_INCLUDE_IN_FRAMEWORK_HEADER = YES;
				CLANG_WARN_RANGE_LOOP_ANALYSIS = YES;
				CLANG_WARN_STRICT_PROTOTYPES = YES;
				CLANG_WARN_SUSPICIOUS_MOVE = YES;
				CLANG_WARN_UNGUARDED_AVAILABILITY = YES_AGGRESSIVE;
				CLANG_WARN_UNREACHABLE_CODE = YES;
				CLANG_WARN__DUPLICATE_METHOD_MATCH = YES;
				COPY_PHASE_STRIP = NO;
				DEBUG_INFORMATION_FORMAT = "dwarf-with-dsym";
				ENABLE_NS_ASSERTIONS = NO;
				ENABLE_STRICT_OBJC_MSGSEND = YES;
				GCC_C_LANGUAGE_STANDARD = gnu11;
				GCC_NO_COMMON_BLOCKS = YES;
				GCC_WARN_64_TO_32_BIT_CONVERSION = YES;
				GCC_WARN_ABOUT_RETURN_TYPE = YES_ERROR;
				GCC_WARN_UNDECLARED_SELECTOR = YES;
				GCC_WARN_UNINITIALIZED_AUTOS = YES_AGGRESSIVE;
				GCC_WARN_UNUSED_FUNCTION = YES;
				GCC_WARN_UNUSED_VARIABLE = YES;
				IPHONEOS_DEPLOYMENT_TARGET = 16.2;
				MTL_ENABLE_DEBUG_INFO = NO;
				MTL_FAST_MATH = YES;
				SDKROOT = iphoneos;
				SWIFT_COMPILATION_MODE = wholemodule;
				SWIFT_OPTIMIZATION_LEVEL = "-O";
				VALIDATE_PRODUCT = YES;
			};
			name = Release;
		};
		9AEA80FD297134A2000672FC /* Debug */ = {
			isa = XCBuildConfiguration;
			buildSettings = {
				ASSETCATALOG_COMPILER_APPICON_NAME = AppIcon;
				ASSETCATALOG_COMPILER_GLOBAL_ACCENT_COLOR_NAME = AccentColor;
				CODE_SIGN_STYLE = Automatic;
				CURRENT_PROJECT_VERSION = 1;
				GENERATE_INFOPLIST_FILE = YES;
				INFOPLIST_FILE = TextEditorApp/Info.plist;
				INFOPLIST_KEY_UIApplicationSupportsIndirectInputEvents = YES;
				INFOPLIST_KEY_UILaunchStoryboardName = LaunchScreen;
				INFOPLIST_KEY_UIMainStoryboardFile = Main;
				INFOPLIST_KEY_UISupportedInterfaceOrientations_iPad = "UIInterfaceOrientationPortrait UIInterfaceOrientationPortraitUpsideDown UIInterfaceOrientationLandscapeLeft UIInterfaceOrientationLandscapeRight";
				INFOPLIST_KEY_UISupportedInterfaceOrientations_iPhone = "UIInterfaceOrientationPortrait UIInterfaceOrientationLandscapeLeft UIInterfaceOrientationLandscapeRight";
				IPHONEOS_DEPLOYMENT_TARGET = 15.0;
				LD_RUNPATH_SEARCH_PATHS = (
					"$(inherited)",
					"@executable_path/Frameworks",
				);
				MARKETING_VERSION = 1.0;
				PRODUCT_BUNDLE_IDENTIFIER = dev.yorkie.textEditor.TextEditorApp;
				PRODUCT_NAME = "$(TARGET_NAME)";
				SWIFT_EMIT_LOC_STRINGS = YES;
				SWIFT_VERSION = 5.0;
				TARGETED_DEVICE_FAMILY = "1,2";
			};
			name = Debug;
		};
		9AEA80FE297134A2000672FC /* Release */ = {
			isa = XCBuildConfiguration;
			buildSettings = {
				ASSETCATALOG_COMPILER_APPICON_NAME = AppIcon;
				ASSETCATALOG_COMPILER_GLOBAL_ACCENT_COLOR_NAME = AccentColor;
				CODE_SIGN_STYLE = Automatic;
				CURRENT_PROJECT_VERSION = 1;
				GENERATE_INFOPLIST_FILE = YES;
				INFOPLIST_FILE = TextEditorApp/Info.plist;
				INFOPLIST_KEY_UIApplicationSupportsIndirectInputEvents = YES;
				INFOPLIST_KEY_UILaunchStoryboardName = LaunchScreen;
				INFOPLIST_KEY_UIMainStoryboardFile = Main;
				INFOPLIST_KEY_UISupportedInterfaceOrientations_iPad = "UIInterfaceOrientationPortrait UIInterfaceOrientationPortraitUpsideDown UIInterfaceOrientationLandscapeLeft UIInterfaceOrientationLandscapeRight";
				INFOPLIST_KEY_UISupportedInterfaceOrientations_iPhone = "UIInterfaceOrientationPortrait UIInterfaceOrientationLandscapeLeft UIInterfaceOrientationLandscapeRight";
				IPHONEOS_DEPLOYMENT_TARGET = 15.0;
				LD_RUNPATH_SEARCH_PATHS = (
					"$(inherited)",
					"@executable_path/Frameworks",
				);
				MARKETING_VERSION = 1.0;
				PRODUCT_BUNDLE_IDENTIFIER = dev.yorkie.textEditor.TextEditorApp;
				PRODUCT_NAME = "$(TARGET_NAME)";
				SWIFT_EMIT_LOC_STRINGS = YES;
				SWIFT_VERSION = 5.0;
				TARGETED_DEVICE_FAMILY = "1,2";
			};
			name = Release;
		};
/* End XCBuildConfiguration section */

/* Begin XCConfigurationList section */
		9AEA80E3297134A1000672FC /* Build configuration list for PBXProject "TextEditorApp" */ = {
			isa = XCConfigurationList;
			buildConfigurations = (
				9AEA80FA297134A2000672FC /* Debug */,
				9AEA80FB297134A2000672FC /* Release */,
			);
			defaultConfigurationIsVisible = 0;
			defaultConfigurationName = Release;
		};
		9AEA80FC297134A2000672FC /* Build configuration list for PBXNativeTarget "TextEditorApp" */ = {
			isa = XCConfigurationList;
			buildConfigurations = (
				9AEA80FD297134A2000672FC /* Debug */,
				9AEA80FE297134A2000672FC /* Release */,
			);
			defaultConfigurationIsVisible = 0;
			defaultConfigurationName = Release;
		};
/* End XCConfigurationList section */

/* Begin XCSwiftPackageProductDependency section */
		9A15C90E2995DFF800E7EAE7 /* Yorkie */ = {
			isa = XCSwiftPackageProductDependency;
			productName = Yorkie;
		};
/* End XCSwiftPackageProductDependency section */
	};
	rootObject = 9AEA80E0297134A1000672FC /* Project object */;
}
